
Microsoft Visual Studio Solution File, Format Version 12.00
# Visual Studio Version 17
VisualStudioVersion = 17.5.33502.453
MinimumVisualStudioVersion = 10.0.40219.1
Project("{FAE04EC0-301F-11D3-BF4B-00C04F79EFBC}") = "StudentManagement", "StudentManagement.csproj", "{CE7ACF5D-1553-4B1B-BFB7-494D3FF471D1}"
EndProject
Global
	GlobalSection(SolutionConfigurationPlatforms) = preSolution
		Debug|Any CPU = Debug|Any CPU
		Release|Any CPU = Release|Any CPU
	EndGlobalSection
	GlobalSection(ProjectConfigurationPlatforms) = postSolution
		{CE7ACF5D-1553-4B1B-BFB7-494D3FF471D1}.Debug|Any CPU.ActiveCfg = Debug|Any CPU
		{CE7ACF5D-1553-4B1B-BFB7-494D3FF471D1}.Debug|Any CPU.Build.0 = Debug|Any CPU
		{CE7ACF5D-1553-4B1B-BFB7-494D3FF471D1}.Release|Any CPU.ActiveCfg = Release|Any CPU
		{CE7ACF5D-1553-4B1B-BFB7-494D3FF471D1}.Release|Any CPU.Build.0 = Release|Any CPU
	EndGlobalSection
	GlobalSection(SolutionProperties) = preSolution
		HideSolutionNode = FALSE
	EndGlobalSection
	GlobalSection(ExtensibilityGlobals) = postSolution
		SolutionGuid = {742039BC-594D-413B-B121-237AD3FA0AA9}
	EndGlobalSection
EndGlobal
